{
  "version": 1,
  "dependencies": {
    "net10.0": {
      "System.CommandLine": {
        "type": "Transitive",
        "resolved": "2.0.12",
        "contentHash": "FpW672e6qqrTd1EfKqsvUtFZaJWlTlszUR1o8tdakXhkzKbnEZVndtpfd4K3fUPCFcIs9UmcswMyYGJP1zp/rg=="
      },
      "System.IO.Hashing": {
        "type": "Transitive",
        "resolved": "10.0.11",
        "contentHash": "OzKDcIRkeNJeC8qAsbn8yJXnfTLP1dtkWILe+T56Gf/z+IkAASi7sMqLqJQat08j5z/mRN5xVtoAwbkMNMoBUQ=="
      },
      "TeeForge": {
        "type": "Transitive",
        "resolved": "0.1.0",
        "contentHash": "oPV8v1aaPY9AsLyEpFEk+JgmtaF0LZ/2wvjrSujPSzl0WuImC5lT7KnEh8zbNMD/tb03ZH1cd915Fp868yz1Bg==",
        "dependencies": {
          "System.IO.Hashing": "10.0.11"
        }
      },
      "xur.io": {
        "type": "Project",
        "dependencies": {
          "TeeForge": "[0.1.0, )"
        }
      },
      "xurutil": {
        "type": "Project",
        "dependencies": {
          "System.CommandLine": "[2.0.12, )",
          "Xur.IO": "[1.0.0, )"
        }
      }
    }
  }
}