# Fish codec layer for the pinned linux/amd64 Omni image.
# Only additional packages; preserve every package already in the base.
# absl-py==2.5.0
https://files.pythonhosted.org/packages/58/0a/a10b45aab35b175aded078a462dc8d0c698f5b13946e7cb0869097b78bb6/absl_py-2.5.0-py3-none-any.whl --hash=sha256:0f17b89f2a4eaaedc4f28c622998aa690564b3012a396a4ffad0821007fe03ba
# argbind==0.3.9
https://files.pythonhosted.org/packages/8e/25/4422cf7777c0cedd2fbcbdf8face786be76186e6d2e7b66f5f37e266b604/argbind-0.3.9.tar.gz --hash=sha256:1b159c04af56858a91d59c7a47bc9ea39d96adfce1d7fcfa38050d7ac9815745
# asttokens==3.0.2
https://files.pythonhosted.org/packages/d4/2b/04b8a15f3a1c77bc79ddf5c73875327f34b4fa75982df2b76e45e402d364/asttokens-3.0.2-py3-none-any.whl --hash=sha256:9da13157f5b28becde0bd374fc677dcd3c290614264eff096f167c469cd9f933
# contourpy==1.4.0
https://files.pythonhosted.org/packages/78/f9/b6831508960d559581c448532ba4df312217072975486dbf2b24fcc5b76f/contourpy-1.4.0-cp312-cp312-manylinux_2_27_x86_64.manylinux_2_28_x86_64.whl --hash=sha256:875f42444c9cf48d56f724f2637e60d0f73b3b12c9041e1484580a233edf9591
# cycler==0.12.1
https://files.pythonhosted.org/packages/e7/05/c19819d5e3d95294a6f5947fb9b9629efb316b96de511b418c53d245aae6/cycler-0.12.1-py3-none-any.whl --hash=sha256:85cef7cff222d8644161529808465972e51340599459b8ac3ccbac5a854e0d30
# decorator==5.3.1
https://files.pythonhosted.org/packages/05/7f/798705f5296a58ca505d600456748d1be48078eac8a7050d8a98bc9edb89/decorator-5.3.1-py3-none-any.whl --hash=sha256:f47fe6fdbd2edd623ecfe36875d37aba411624e2670dd395dddae1358689bb3c
# descript-audio-codec==1.0.0
https://files.pythonhosted.org/packages/6e/c4/93f7309eb40a9299c59a6637f13c21b08e585c569fee85901ccd55ce00f5/descript_audio_codec-1.0.0-py3-none-any.whl --hash=sha256:7ecd1883040613d143494f27f199c11c7053a8a7f9fd2120568c5a98db926e61
# descript-audiotools==0.7.2
https://files.pythonhosted.org/packages/68/b8/72a58cb3b241d869811be4f9328a37f1563dc9c48af8c0467cb681f9ed46/descript_audiotools-0.7.2-py2.py3-none-any.whl --hash=sha256:bb7a4e837f92395e43894d99a89406485325b88c6f158caf59e18876cf5b06ea
# executing==2.2.1
https://files.pythonhosted.org/packages/c1/ea/53f2148663b321f21b5a606bd5f191517cf40b7072c0497d3c92c4a13b1e/executing-2.2.1-py2.py3-none-any.whl --hash=sha256:760643d3452b4d777d295bb167ccc74c64a81df23fb5e08eff250c425a4b2017
# ffmpy==1.0.0
https://files.pythonhosted.org/packages/55/56/dd3669eccebb6d8ac81e624542ebd53fe6f08e1b8f2f8d50aeb7e3b83f99/ffmpy-1.0.0-py3-none-any.whl --hash=sha256:5640e5f0fd03fb6236d0e119b16ccf6522db1c826fdf35dcb87087b60fd7504f
# fire==0.7.1
https://files.pythonhosted.org/packages/e5/4c/93d0f85318da65923e4b91c1c2ff03d8a458cbefebe3bc612a6693c7906d/fire-0.7.1-py3-none-any.whl --hash=sha256:e43fd8a5033a9001e7e2973bab96070694b9f12f2e0ecf96d4683971b5ab1882
# fish-speech==0.1.0
https://files.pythonhosted.org/packages/2a/e9/3d641f8ae5176808c8be9c3713deb663edece717a587a3eb7f10fed3cdd6/fish_speech-0.1.0-py3-none-any.whl --hash=sha256:1ea6123c7b9a441bc48f296439ae0e987621b780f9314ff3eb5ad072ebe9e7ac
# flatten-dict==0.5.0
https://files.pythonhosted.org/packages/72/9f/485516087cd8c44183aaf9ab850247a28e2e4a42a4d62eab77c21f673450/flatten_dict-0.5.0-py3-none-any.whl --hash=sha256:c4bd2010052e4d33241433720d054322403fa7ad914fdc5cb1b31a713d4c561e
# fonttools==4.65.0
https://files.pythonhosted.org/packages/b5/09/de2c0c20a42c18e565a2617932beb08c06697bbdd0d3f62b108262e11583/fonttools-4.65.0-cp312-cp312-manylinux2014_x86_64.manylinux_2_17_x86_64.whl --hash=sha256:05595385ae99f4b9626cebb973bf171b8fe38a8f40708e6e42abba0ed7537778
# hydra-core==1.3.7
https://files.pythonhosted.org/packages/25/0c/21890c10cc94da917c8e47efc1c55cd3e56a1d25ab5947bdd35abaf9fdc1/hydra_core-1.3.7-py3-none-any.whl --hash=sha256:83606c4a05c770f1e026e0489875f28989829d151799eabd8cfa8cbe82164515
# importlib_resources==7.1.0
https://files.pythonhosted.org/packages/8a/db/55a262f3606bebcae07cc14095338471ad7c0bbcaa37707e6f0ee49725b7/importlib_resources-7.1.0-py3-none-any.whl --hash=sha256:1bd7b48b4088eddb2cd16382150bb515af0bd2c70128194392725f82ad2c96a1
# ipython==9.17.1
https://files.pythonhosted.org/packages/2d/1e/65b59cf518c106aa755e7f7da3099027738687a862ec785060702a481320/ipython-9.17.1-py3-none-any.whl --hash=sha256:6d1645743cfd1a07eb695d85aa2b5fa66721f8cbae9431d4049f7084bbf06509
# ipython_pygments_lexers==1.1.1
https://files.pythonhosted.org/packages/d9/33/1f075bf72b0b747cb3288d011319aaf64083cf2efef8354174e3ed4540e2/ipython_pygments_lexers-1.1.1-py3-none-any.whl --hash=sha256:a9462224a505ade19a605f71f8fa63c2048833ce50abc86768a0d81d876dc81c
# jedi==0.20.0
https://files.pythonhosted.org/packages/9a/93/242e2eab5fe682ffcb8b0084bde703a41d51e17ee0f3a31ff0d9d813620a/jedi-0.20.0-py2.py3-none-any.whl --hash=sha256:7bdd9c2634f56713299976f4cbd59cb3fa92165cc5e05ea811fb253480728b67
# julius==0.2.8
https://files.pythonhosted.org/packages/86/43/efdb0bcb07c47826fa55857cec0deb743f74cd83b6ba5ec9e413505a72e6/julius-0.2.8-py3-none-any.whl --hash=sha256:6891235cbc355e629d839f87489bff8ca46e57a0e7cc35abb909c7a2aa538c25
# kiwisolver==1.5.1
https://files.pythonhosted.org/packages/fc/f4/dadfec469313c7f428efa7e84b4aba9732f813c13ea7131a24b7b008ef57/kiwisolver-1.5.1-cp312-cp312-manylinux2014_x86_64.manylinux_2_17_x86_64.whl --hash=sha256:34633ecf50d16187ab8e5528b7a2530f2feb4e23f300db4672538b51cfc5cd38
# librosa==1.0.0
https://files.pythonhosted.org/packages/96/14/0b2e4cc8017796dc8f69de740708601832c1e8d5377166eedb4db0a92264/librosa-1.0.0-py3-none-any.whl --hash=sha256:5910a6c0e1b2e494b92758c1615a7acbd0515a2315e138927ba2982f2af88857
# Markdown==3.10.3
https://files.pythonhosted.org/packages/64/69/4a5af2bc115a9a33fefe51709749de8262be3f9ba063d1753a837cdbc49c/markdown-3.10.3-py3-none-any.whl --hash=sha256:fa6c92a00a4a3c98b22728c64a935ae1928250ae65058a6ded814d2cc29a4cea
# markdown2==2.5.5
https://files.pythonhosted.org/packages/43/af/4b3891eb0a49d6cfd5cbf3e9bf514c943afc2b0f13e2c57cc57cd88ecc21/markdown2-2.5.5-py3-none-any.whl --hash=sha256:be798587e09d1f52d2e4d96a649c4b82a778c75f9929aad52a2c95747fa26941
# matplotlib==3.11.2
https://files.pythonhosted.org/packages/b8/90/2b3fd67ee273163faeda6d514be70b5596eaa0fd77b60ffc294ad0b34f5f/matplotlib-3.11.2-cp312-cp312-manylinux2014_x86_64.manylinux_2_17_x86_64.whl --hash=sha256:df4f7784aca81a94f254c0a2767d592ee25f407e488f5fa7203e51093fb6ca27
# matplotlib-inline==0.2.2
https://files.pythonhosted.org/packages/41/09/5b161152e2d90f7b87f781c2e1267494aef9c32498df793f73ad0a0a494a/matplotlib_inline-0.2.2-py3-none-any.whl --hash=sha256:3c821cf1c209f59fb2d2d64abbf5b23b67bcb2210d663f9918dd851c6da1fcf6
# narwhals==2.26.0
https://files.pythonhosted.org/packages/40/b5/1b84b2c784db76d69442334bc8b8748c840f13ca53be086f4f250ad4a0bc/narwhals-2.26.0-py3-none-any.whl --hash=sha256:29326d74f107c347fd1009bd58e38d9f7c7c5b51e6de97bc93dbc325d9038b54
# parso==0.8.7
https://files.pythonhosted.org/packages/99/5d/8268b644392ee874ee82a635cd0df1773de230bde356c38de28e298392cc/parso-0.8.7-py2.py3-none-any.whl --hash=sha256:a8926eb2a1b915486941fdbd31e86a4baf88fe8c210f25f2f35ecec5b574ca1c
# pexpect==4.9.0
https://files.pythonhosted.org/packages/9e/c3/059298687310d527a58bb01f3b1965787ee3b40dce76752eda8b44e9a2c5/pexpect-4.9.0-py2.py3-none-any.whl --hash=sha256:7236d1e080e4936be2dc3e326cec0af72acf9212a7e1d060210e70a47e253523
# platformdirs==4.11.11
https://files.pythonhosted.org/packages/39/be/3ae887e84c38c4dd1c549cd5825adc93f48069a94fe1cb8ac52a9da16f15/platformdirs-4.11.11-py3-none-any.whl --hash=sha256:972ea6b2b387155a536226a0750e46923d731d459a387c4a255c583ed2f64547
# pooch==1.9.0
https://files.pythonhosted.org/packages/2a/2d/d4bf65e47cea8ff2c794a600c4fd1273a7902f268757c531e0ee9f18aa58/pooch-1.9.0-py3-none-any.whl --hash=sha256:f265597baa9f760d25ceb29d0beb8186c243d6607b0f60b83ecf14078dbc703b
# prompt_toolkit==3.0.53
https://files.pythonhosted.org/packages/54/6f/84908cad2d6aa5144abcf7b42709fe4fdb459bc640ec7ac5786e7693dabc/prompt_toolkit-3.0.53-py3-none-any.whl --hash=sha256:01c0891d7f9237d5e339f7d3e42cdae80b7534abb1c7c0e3352efba6231492f2
# ptyprocess==0.7.0
https://files.pythonhosted.org/packages/22/a6/858897256d0deac81a172289110f31629fc4cee19b6f01283303e18c8db3/ptyprocess-0.7.0-py2.py3-none-any.whl --hash=sha256:4b41f3967fce3af57cc7e94b888626c18bf37a083e3651ca8feeb66d492fef35
# pure_eval==0.2.4
https://files.pythonhosted.org/packages/6d/18/83376915176eb058cb86470eb7396388a13350b09a8f233a79303bbcbc5b/pure_eval-0.2.4-py3-none-any.whl --hash=sha256:96cae060a313cfaad51bb761278bfb0e62dc0248d9315a81173752dc546cd37a
# pyloudnorm==0.2.0
https://files.pythonhosted.org/packages/aa/b6/65a49a05614b2548edbba3aab118f2ebe7441dfd778accdcdce9f6567f20/pyloudnorm-0.2.0-py3-none-any.whl --hash=sha256:9bb69afb904f59d007a7f9ba3d75d16fb8aeef35c44d6df822a9f192d69cf13f
# pystoi==0.4.1
https://files.pythonhosted.org/packages/1a/22/60cd92bd3ec00948800984410f4cf5ded5bd8e9b715729f3642efe0edb3d/pystoi-0.4.1-py2.py3-none-any.whl --hash=sha256:e277b671663d26d35a2416c9c8010a74084e6c3970354506398051a554896939
# randomname==0.2.1
https://files.pythonhosted.org/packages/e8/c2/525e9e9b458c3ca493d9bd0871f3ed9b51446d26fe82d462494de188f848/randomname-0.2.1.tar.gz --hash=sha256:b79b98302ba4479164b0a4f87995b7bebbd1d91012aeda483341e3e58ace520e
# scikit-learn==1.9.1
https://files.pythonhosted.org/packages/8e/57/a50162f3d29feb979ab6347c6debda506dfb525bcff3c50dd17606651c7e/scikit_learn-1.9.1-cp312-cp312-manylinux_2_27_x86_64.manylinux_2_28_x86_64.whl --hash=sha256:e5d7b18a5b9dca241a74695f3275fa4c895a9dadc72b3d8df5fa9d1083c9b83e
# soxr==1.1.0
https://files.pythonhosted.org/packages/5c/f1/0e55195893228609c9a08c3b13b7a83a46c3a992cd00d3304f0f320cfb07/soxr-1.1.0-cp312-abi3-manylinux_2_27_x86_64.manylinux_2_28_x86_64.whl --hash=sha256:3b033078e86f3c4a658e5697fac8995764fad9e799563616b630136b613167f1
# stack-data==0.6.3
https://files.pythonhosted.org/packages/f1/7b/ce1eafaf1a76852e2ec9b22edecf1daa58175c090266e9f6c64afcd81d91/stack_data-0.6.3-py3-none-any.whl --hash=sha256:d5558e0c25a4cb0853cddad3d77da9891a08cb85dd9f9f91b9f8cd66e511e695
# tensorboard==2.21.0
https://files.pythonhosted.org/packages/37/4b/cd2eec9642781a8f5b2fb9994e3933a7b259ab18e9d49aeede9b5acf6311/tensorboard-2.21.0-py3-none-any.whl --hash=sha256:7279316dcb6bd5bc391d623dea841531299cde1887310e8133bc34a996d32255
# tensorboard-data-server==0.7.2
https://files.pythonhosted.org/packages/73/c6/825dab04195756cf8ff2e12698f22513b3db2f64925bdd41671bfb33aaa5/tensorboard_data_server-0.7.2-py3-none-manylinux_2_31_x86_64.whl --hash=sha256:ef687163c24185ae9754ed5650eb5bc4d84ff257aabdc33f0cc6f74d8ba54530
# termcolor==3.3.0
https://files.pythonhosted.org/packages/33/d1/8bb87d21e9aeb323cc03034f5eaf2c8f69841e40e4853c2627edf8111ed3/termcolor-3.3.0-py3-none-any.whl --hash=sha256:cf642efadaf0a8ebbbf4bc7a31cec2f9b5f21a9f726f4ccbb08192c9c26f43a5
# threadpoolctl==3.7.0
https://files.pythonhosted.org/packages/43/3f/f88a53f60a472b46f4023f56d204dd7de33d34c5d2acbfa0d70a674e639e/threadpoolctl-3.7.0-py3-none-any.whl --hash=sha256:cd8b60b5641b45c67bbf73c64c843235fc2d8a480c87389f52f5dbee893b86be
# torch-stoi==0.2.3
https://files.pythonhosted.org/packages/a3/92/ead346e904390a53e71b5da2df7e7839abb16e967ba07fa15addf1f9f37c/torch_stoi-0.2.3-py3-none-any.whl --hash=sha256:6eee85e33b42fe843a2150de46000f72e7b87cbeb19ae6ab9bbd94b6ec6b3cd2
# traitlets==5.16.1
https://files.pythonhosted.org/packages/ad/66/0d785f0bc5e4315a96c989bb476d0fc07ea4f85132550c7b156ca2035d52/traitlets-5.16.1-py3-none-any.whl --hash=sha256:f775618166caa0396c8e337099240f2bd3e5e917d203b2e6fbe21a58d3cb1f6b
# Werkzeug==3.1.8
https://files.pythonhosted.org/packages/93/8c/2e650f2afeb7ee576912636c23ddb621c91ac6a98e66dc8d29c3c69446e1/werkzeug-3.1.8-py3-none-any.whl --hash=sha256:63a77fb8892bf28ebc3178683445222aa500e48ebad5ec77b0ad80f8726b1f50
