{
  "version": 1,
  "dependencies": {
    "net10.0": {
      "xur.robot": {
        "type": "Project",
        "dependencies": {
          "Xur.Robot.Backup.Protocol": "[1.0.0, )"
        }
      },
      "xur.robot.backup": {
        "type": "Project",
        "dependencies": {
          "Xur.Robot.Backup.Protocol": "[1.0.0, )"
        }
      },
      "xur.robot.backup.protocol": {
        "type": "Project"
      }
    }
  }
}